
Microsoft Visual Studio Solution File, Format Version 12.00
# Visual Studio Version 16
VisualStudioVersion = 16.0.30225.117
MinimumVisualStudioVersion = 10.0.40219.1
Project("{FAE04EC0-301F-11D3-BF4B-00C04F79EFBC}") = "roomCalculator", "roomCalculator\roomCalculator.csproj", "{7E30543A-7322-441C-96FF-D34C4D40FA24}"
EndProject
Global
	GlobalSection(SolutionConfigurationPlatforms) = preSolution
		Debug|Any CPU = Debug|Any CPU
		Release|Any CPU = Release|Any CPU
	EndGlobalSection
	GlobalSection(ProjectConfigurationPlatforms) = postSolution
		{7E30543A-7322-441C-96FF-D34C4D40FA24}.Debug|Any CPU.ActiveCfg = Debug|Any CPU
		{7E30543A-7322-441C-96FF-D34C4D40FA24}.Debug|Any CPU.Build.0 = Debug|Any CPU
		{7E30543A-7322-441C-96FF-D34C4D40FA24}.Release|Any CPU.ActiveCfg = Release|Any CPU
		{7E30543A-7322-441C-96FF-D34C4D40FA24}.Release|Any CPU.Build.0 = Release|Any CPU
	EndGlobalSection
	GlobalSection(SolutionProperties) = preSolution
		HideSolutionNode = FALSE
	EndGlobalSection
	GlobalSection(ExtensibilityGlobals) = postSolution
		SolutionGuid = {79319ACD-73CD-46E3-A297-A557E1DFF2F7}
	EndGlobalSection
EndGlobal
